
Microsoft Visual Studio Solution File, Format Version 12.00
# Visual Studio Version 17
VisualStudioVersion = 17.0.31912.275
MinimumVisualStudioVersion = 10.0.40219.1
Project("{FAE04EC0-301F-11D3-BF4B-00C04F79EFBC}") = "ShutdownTimer", "ShutdownTimer\ShutdownTimer.csproj", "{B1123C43-5425-4BDE-90FD-AE9064AE23A3}"
EndProject
Global
	GlobalSection(SolutionConfigurationPlatforms) = preSolution
		Debug|Any CPU = Debug|Any CPU
		Release|Any CPU = Release|Any CPU
	EndGlobalSection
	GlobalSection(ProjectConfigurationPlatforms) = postSolution
		{B1123C43-5425-4BDE-90FD-AE9064AE23A3}.Debug|Any CPU.ActiveCfg = Debug|Any CPU
		{B1123C43-5425-4BDE-90FD-AE9064AE23A3}.Debug|Any CPU.Build.0 = Debug|Any CPU
		{B1123C43-5425-4BDE-90FD-AE9064AE23A3}.Release|Any CPU.ActiveCfg = Release|Any CPU
		{B1123C43-5425-4BDE-90FD-AE9064AE23A3}.Release|Any CPU.Build.0 = Release|Any CPU
	EndGlobalSection
	GlobalSection(SolutionProperties) = preSolution
		HideSolutionNode = FALSE
	EndGlobalSection
	GlobalSection(ExtensibilityGlobals) = postSolution
		SolutionGuid = {C1DF1D11-EC09-47D4-84D2-AD239B16C8F6}
	EndGlobalSection
EndGlobal
